// !$*UTF8*$!
{
	archiveVersion = 1;
	classes = {
	};
	objectVersion = 46;
	objects = {

/* Begin PBXBuildFile section */
		11B04ED91D66E1C900F707ED /* PureLayoutExtension.h in CopyFiles */ = {isa = PBXBuildFile; fileRef = 11B04ED81D66E1C900F707ED /* PureLayoutExtension.h */; };
		11B04EE31D66EBD500F707ED /* NSArray+HW_PureLayout.m in Sources */ = {isa = PBXBuildFile; fileRef = 11B04EE21D66EBD500F707ED /* NSArray+HW_PureLayout.m */; };
		11B04EE61D66EBDF00F707ED /* UIView+HW_PureLayout.m in Sources */ = {isa = PBXBuildFile; fileRef = 11B04EE51D66EBDF00F707ED /* UIView+HW_PureLayout.m */; };
		3AC40CEC1AB536B866BD3526 /* libPods-PureLayoutExtension.a in Frameworks */ = {isa = PBXBuildFile; fileRef = 3A440B5F4FB28A12C091D62D /* libPods-PureLayoutExtension.a */; };
/* End PBXBuildFile section */

/* Begin PBXCopyFilesBuildPhase section */
		11B04ED31D66E1C900F707ED /* CopyFiles */ = {
			isa = PBXCopyFilesBuildPhase;
			buildActionMask = 2147483647;
			dstPath = "include/$(PRODUCT_NAME)";
			dstSubfolderSpec = 16;
			files = (
				11B04ED91D66E1C900F707ED /* PureLayoutExtension.h in CopyFiles */,
			);
			runOnlyForDeploymentPostprocessing = 0;
		};
/* End PBXCopyFilesBuildPhase section */

/* Begin PBXFileReference section */
		11B04ED51D66E1C900F707ED /* libPureLayoutExtension.a */ = {isa = PBXFileReference; explicitFileType = archive.ar; includeInIndex = 0; path = libPureLayoutExtension.a; sourceTree = BUILT_PRODUCTS_DIR; };
		11B04ED81D66E1C900F707ED /* PureLayoutExtension.h */ = {isa = PBXFileReference; lastKnownFileType = sourcecode.c.h; path = PureLayoutExtension.h; sourceTree = "<group>"; };
		11B04EE11D66EBD500F707ED /* NSArray+HW_PureLayout.h */ = {isa = PBXFileReference; fileEncoding = 4; lastKnownFileType = sourcecode.c.h; path = "NSArray+HW_PureLayout.h"; sourceTree = "<group>"; };
		11B04EE21D66EBD500F707ED /* NSArray+HW_PureLayout.m */ = {isa = PBXFileReference; fileEncoding = 4; lastKnownFileType = sourcecode.c.objc; path = "NSArray+HW_PureLayout.m"; sourceTree = "<group>"; };
		11B04EE41D66EBDF00F707ED /* UIView+HW_PureLayout.h */ = {isa = PBXFileReference; fileEncoding = 4; lastKnownFileType = sourcecode.c.h; path = "UIView+HW_PureLayout.h"; sourceTree = "<group>"; };
		11B04EE51D66EBDF00F707ED /* UIView+HW_PureLayout.m */ = {isa = PBXFileReference; fileEncoding = 4; lastKnownFileType = sourcecode.c.objc; path = "UIView+HW_PureLayout.m"; sourceTree = "<group>"; };
		3A440B5F4FB28A12C091D62D /* libPods-PureLayoutExtension.a */ = {isa = PBXFileReference; explicitFileType = archive.ar; includeInIndex = 0; path = "libPods-PureLayoutExtension.a"; sourceTree = BUILT_PRODUCTS_DIR; };
		B5B5B191D43D6B8775186DC4 /* Pods-PureLayoutExtension.release.xcconfig */ = {isa = PBXFileReference; includeInIndex = 1; lastKnownFileType = text.xcconfig; name = "Pods-PureLayoutExtension.release.xcconfig"; path = "Pods/Target Support Files/Pods-PureLayoutExtension/Pods-PureLayoutExtension.release.xcconfig"; sourceTree = "<group>"; };
		F26015D14774849C84CF537B /* Pods-PureLayoutExtension.debug.xcconfig */ = {isa = PBXFileReference; includeInIndex = 1; lastKnownFileType = text.xcconfig; name = "Pods-PureLayoutExtension.debug.xcconfig"; path = "Pods/Target Support Files/Pods-PureLayoutExtension/Pods-PureLayoutExtension.debug.xcconfig"; sourceTree = "<group>"; };
/* End PBXFileReference section */

/* Begin PBXFrameworksBuildPhase section */
		11B04ED21D66E1C900F707ED /* Frameworks */ = {
			isa = PBXFrameworksBuildPhase;
			buildActionMask = 2147483647;
			files = (
				3AC40CEC1AB536B866BD3526 /* libPods-PureLayoutExtension.a in Frameworks */,
			);
			runOnlyForDeploymentPostprocessing = 0;
		};
/* End PBXFrameworksBuildPhase section */

/* Begin PBXGroup section */
		11B04ECC1D66E1C900F707ED = {
			isa = PBXGroup;
			children = (
				11B04ED71D66E1C900F707ED /* PureLayoutExtension */,
				11B04ED61D66E1C900F707ED /* Products */,
				9EEA4B2E3BA6E48845C4AEA6 /* Pods */,
				BF310499EDA25AF8895BADD1 /* Frameworks */,
			);
			sourceTree = "<group>";
		};
		11B04ED61D66E1C900F707ED /* Products */ = {
			isa = PBXGroup;
			children = (
				11B04ED51D66E1C900F707ED /* libPureLayoutExtension.a */,
			);
			name = Products;
			sourceTree = "<group>";
		};
		11B04ED71D66E1C900F707ED /* PureLayoutExtension */ = {
			isa = PBXGroup;
			children = (
				11B04ED81D66E1C900F707ED /* PureLayoutExtension.h */,
				11B04EE11D66EBD500F707ED /* NSArray+HW_PureLayout.h */,
				11B04EE21D66EBD500F707ED /* NSArray+HW_PureLayout.m */,
				11B04EE41D66EBDF00F707ED /* UIView+HW_PureLayout.h */,
				11B04EE51D66EBDF00F707ED /* UIView+HW_PureLayout.m */,
			);
			path = PureLayoutExtension;
			sourceTree = "<group>";
		};
		9EEA4B2E3BA6E48845C4AEA6 /* Pods */ = {
			isa = PBXGroup;
			children = (
				F26015D14774849C84CF537B /* Pods-PureLayoutExtension.debug.xcconfig */,
				B5B5B191D43D6B8775186DC4 /* Pods-PureLayoutExtension.release.xcconfig */,
			);
			name = Pods;
			sourceTree = "<group>";
		};
		BF310499EDA25AF8895BADD1 /* Frameworks */ = {
			isa = PBXGroup;
			children = (
				3A440B5F4FB28A12C091D62D /* libPods-PureLayoutExtension.a */,
			);
			name = Frameworks;
			sourceTree = "<group>";
		};
/* End PBXGroup section */

/* Begin PBXNativeTarget section */
		11B04ED41D66E1C900F707ED /* PureLayoutExtension */ = {
			isa = PBXNativeTarget;
			buildConfigurationList = 11B04EDE1D66E1C900F707ED /* Build configuration list for PBXNativeTarget "PureLayoutExtension" */;
			buildPhases = (
				FB7553BAD6E1761014F27340 /* [CP] Check Pods Manifest.lock */,
				11B04ED11D66E1C900F707ED /* Sources */,
				11B04ED21D66E1C900F707ED /* Frameworks */,
				11B04ED31D66E1C900F707ED /* CopyFiles */,
				DCAA6B8CB5B3EC6F0CE1D6F8 /* [CP] Copy Pods Resources */,
			);
			buildRules = (
			);
			dependencies = (
			);
			name = PureLayoutExtension;
			productName = PureLayoutExtension;
			productReference = 11B04ED51D66E1C900F707ED /* libPureLayoutExtension.a */;
			productType = "com.apple.product-type.library.static";
		};
/* End PBXNativeTarget section */

/* Begin PBXProject section */
		11B04ECD1D66E1C900F707ED /* Project object */ = {
			isa = PBXProject;
			attributes = {
				LastUpgradeCheck = 0730;
				ORGANIZATIONNAME = HuanWang;
				TargetAttributes = {
					11B04ED41D66E1C900F707ED = {
						CreatedOnToolsVersion = 7.3.1;
					};
				};
			};
			buildConfigurationList = 11B04ED01D66E1C900F707ED /* Build configuration list for PBXProject "PureLayoutExtension" */;
			compatibilityVersion = "Xcode 3.2";
			developmentRegion = English;
			hasScannedForEncodings = 0;
			knownRegions = (
				en,
			);
			mainGroup = 11B04ECC1D66E1C900F707ED;
			productRefGroup = 11B04ED61D66E1C900F707ED /* Products */;
			projectDirPath = "";
			projectRoot = "";
			targets = (
				11B04ED41D66E1C900F707ED /* PureLayoutExtension */,
			);
		};
/* End PBXProject section */

/* Begin PBXShellScriptBuildPhase section */
		DCAA6B8CB5B3EC6F0CE1D6F8 /* [CP] Copy Pods Resources */ = {
			isa = PBXShellScriptBuildPhase;
			buildActionMask = 2147483647;
			files = (
			);
			inputPaths = (
			);
			name = "[CP] Copy Pods Resources";
			outputPaths = (
			);
			runOnlyForDeploymentPostprocessing = 0;
			shellPath = /bin/sh;
			shellScript = "\"${SRCROOT}/Pods/Target Support Files/Pods-PureLayoutExtension/Pods-PureLayoutExtension-resources.sh\"\n";
			showEnvVarsInLog = 0;
		};
		FB7553BAD6E1761014F27340 /* [CP] Check Pods Manifest.lock */ = {
			isa = PBXShellScriptBuildPhase;
			buildActionMask = 2147483647;
			files = (
			);
			inputPaths = (
			);
			name = "[CP] Check Pods Manifest.lock";
			outputPaths = (
			);
			runOnlyForDeploymentPostprocessing = 0;
			shellPath = /bin/sh;
			shellScript = "diff \"${PODS_ROOT}/../Podfile.lock\" \"${PODS_ROOT}/Manifest.lock\" > /dev/null\nif [[ $? != 0 ]] ; then\n    cat << EOM\nerror: The sandbox is not in sync with the Podfile.lock. Run 'pod install' or update your CocoaPods installation.\nEOM\n    exit 1\nfi\n";
			showEnvVarsInLog = 0;
		};
/* End PBXShellScriptBuildPhase section */

/* Begin PBXSourcesBuildPhase section */
		11B04ED11D66E1C900F707ED /* Sources */ = {
			isa = PBXSourcesBuildPhase;
			buildActionMask = 2147483647;
			files = (
				11B04EE31D66EBD500F707ED /* NSArray+HW_PureLayout.m in Sources */,
				11B04EE61D66EBDF00F707ED /* UIView+HW_PureLayout.m in Sources */,
			);
			runOnlyForDeploymentPostprocessing = 0;
		};
/* End PBXSourcesBuildPhase section */

/* Begin XCBuildConfiguration section */
		11B04EDC1D66E1C900F707ED /* Debug */ = {
			isa = XCBuildConfiguration;
			buildSettings = {
				ALWAYS_SEARCH_USER_PATHS = NO;
				CLANG_ANALYZER_NONNULL = YES;
				CLANG_CXX_LANGUAGE_STANDARD = "gnu++0x";
				CLANG_CXX_LIBRARY = "libc++";
				CLANG_ENABLE_MODULES = YES;
				CLANG_ENABLE_OBJC_ARC = YES;
				CLANG_WARN_BOOL_CONVERSION = YES;
				CLANG_WARN_CONSTANT_CONVERSION = YES;
				CLANG_WARN_DIRECT_OBJC_ISA_USAGE = YES_ERROR;
				CLANG_WARN_EMPTY_BODY = YES;
				CLANG_WARN_ENUM_CONVERSION = YES;
				CLANG_WARN_INT_CONVERSION = YES;
				CLANG_WARN_OBJC_ROOT_CLASS = YES_ERROR;
				CLANG_WARN_UNREACHABLE_CODE = YES;
				CLANG_WARN__DUPLICATE_METHOD_MATCH = YES;
				"CODE_SIGN_IDENTITY[sdk=iphoneos*]" = "iPhone Developer";
				COPY_PHASE_STRIP = NO;
				DEBUG_INFORMATION_FORMAT = dwarf;
				ENABLE_STRICT_OBJC_MSGSEND = YES;
				ENABLE_TESTABILITY = YES;
				GCC_C_LANGUAGE_STANDARD = gnu99;
				GCC_DYNAMIC_NO_PIC = NO;
				GCC_NO_COMMON_BLOCKS = YES;
				GCC_OPTIMIZATION_LEVEL = 0;
				GCC_PREPROCESSOR_DEFINITIONS = (
					"DEBUG=1",
					"$(inherited)",
				);
				GCC_WARN_64_TO_32_BIT_CONVERSION = YES;
				GCC_WARN_ABOUT_RETURN_TYPE = YES_ERROR;
				GCC_WARN_UNDECLARED_SELECTOR = YES;
				GCC_WARN_UNINITIALIZED_AUTOS = YES_AGGRESSIVE;
				GCC_WARN_UNUSED_FUNCTION = YES;
				GCC_WARN_UNUSED_VARIABLE = YES;
				IPHONEOS_DEPLOYMENT_TARGET = 9.3;
				MTL_ENABLE_DEBUG_INFO = YES;
				ONLY_ACTIVE_ARCH = YES;
				SDKROOT = iphoneos;
			};
			name = Debug;
		};
		11B04EDD1D66E1C900F707ED /* Release */ = {
			isa = XCBuildConfiguration;
			buildSettings = {
				ALWAYS_SEARCH_USER_PATHS = NO;
				CLANG_ANALYZER_NONNULL = YES;
				CLANG_CXX_LANGUAGE_STANDARD = "gnu++0x";
				CLANG_CXX_LIBRARY = "libc++";
				CLANG_ENABLE_MODULES = YES;
				CLANG_ENABLE_OBJC_ARC = YES;
				CLANG_WARN_BOOL_CONVERSION = YES;
				CLANG_WARN_CONSTANT_CONVERSION = YES;
				CLANG_WARN_DIRECT_OBJC_ISA_USAGE = YES_ERROR;
				CLANG_WARN_EMPTY_BODY = YES;
				CLANG_WARN_ENUM_CONVERSION = YES;
				CLANG_WARN_INT_CONVERSION = YES;
				CLANG_WARN_OBJC_ROOT_CLASS = YES_ERROR;
				CLANG_WARN_UNREACHABLE_CODE = YES;
				CLANG_WARN__DUPLICATE_METHOD_MATCH = YES;
				"CODE_SIGN_IDENTITY[sdk=iphoneos*]" = "iPhone Developer";
				COPY_PHASE_STRIP = NO;
				DEBUG_INFORMATION_FORMAT = "dwarf-with-dsym";
				ENABLE_NS_ASSERTIONS = NO;
				ENABLE_STRICT_OBJC_MSGSEND = YES;
				GCC_C_LANGUAGE_STANDARD = gnu99;
				GCC_NO_COMMON_BLOCKS = YES;
				GCC_WARN_64_TO_32_BIT_CONVERSION = YES;
				GCC_WARN_ABOUT_RETURN_TYPE = YES_ERROR;
				GCC_WARN_UNDECLARED_SELECTOR = YES;
				GCC_WARN_UNINITIALIZED_AUTOS = YES_AGGRESSIVE;
				GCC_WARN_UNUSED_FUNCTION = YES;
				GCC_WARN_UNUSED_VARIABLE = YES;
				IPHONEOS_DEPLOYMENT_TARGET = 9.3;
				MTL_ENABLE_DEBUG_INFO = NO;
				SDKROOT = iphoneos;
				VALIDATE_PRODUCT = YES;
			};
			name = Release;
		};
		11B04EDF1D66E1C900F707ED /* Debug */ = {
			isa = XCBuildConfiguration;
			baseConfigurationReference = F26015D14774849C84CF537B /* Pods-PureLayoutExtension.debug.xcconfig */;
			buildSettings = {
				OTHER_LDFLAGS = "-ObjC";
				PRODUCT_NAME = "$(TARGET_NAME)";
				SKIP_INSTALL = YES;
			};
			name = Debug;
		};
		11B04EE01D66E1C900F707ED /* Release */ = {
			isa = XCBuildConfiguration;
			baseConfigurationReference = B5B5B191D43D6B8775186DC4 /* Pods-PureLayoutExtension.release.xcconfig */;
			buildSettings = {
				OTHER_LDFLAGS = "-ObjC";
				PRODUCT_NAME = "$(TARGET_NAME)";
				SKIP_INSTALL = YES;
			};
			name = Release;
		};
/* End XCBuildConfiguration section */

/* Begin XCConfigurationList section */
		11B04ED01D66E1C900F707ED /* Build configuration list for PBXProject "PureLayoutExtension" */ = {
			isa = XCConfigurationList;
			buildConfigurations = (
				11B04EDC1D66E1C900F707ED /* Debug */,
				11B04EDD1D66E1C900F707ED /* Release */,
			);
			defaultConfigurationIsVisible = 0;
			defaultConfigurationName = Release;
		};
		11B04EDE1D66E1C900F707ED /* Build configuration list for PBXNativeTarget "PureLayoutExtension" */ = {
			isa = XCConfigurationList;
			buildConfigurations = (
				11B04EDF1D66E1C900F707ED /* Debug */,
				11B04EE01D66E1C900F707ED /* Release */,
			);
			defaultConfigurationIsVisible = 0;
			defaultConfigurationName = Release;
		};
/* End XCConfigurationList section */
	};
	rootObject = 11B04ECD1D66E1C900F707ED /* Project object */;
}
